
Microsoft Visual Studio Solution File, Format Version 12.00
# Visual Studio Version 16
VisualStudioVersion = 16.0.29418.71
MinimumVisualStudioVersion = 10.0.40219.1
Project("{9A19103F-16F7-4668-BE54-9A1E7A4F7556}") = "VireiContador.Infra", "VireiContador.Infra\VireiContador.Infra.csproj", "{CABA13D6-D837-4813-B03A-6648C8567808}"
EndProject
Project("{9A19103F-16F7-4668-BE54-9A1E7A4F7556}") = "VireiContador.Cadastro", "VireiContador.Cadastro\VireiContador.Cadastro.csproj", "{9614F6FC-B997-4A25-A5D6-311CA7483D43}"
EndProject
Project("{9A19103F-16F7-4668-BE54-9A1E7A4F7556}") = "VireiContador.API", "VireiContador.API\VireiContador.API.csproj", "{A7612EA9-65FC-4DE5-ADE0-E26D6A4130D8}"
EndProject
Global
	GlobalSection(SolutionConfigurationPlatforms) = preSolution
		Debug|Any CPU = Debug|Any CPU
		Release|Any CPU = Release|Any CPU
	EndGlobalSection
	GlobalSection(ProjectConfigurationPlatforms) = postSolution
		{CABA13D6-D837-4813-B03A-6648C8567808}.Debug|Any CPU.ActiveCfg = Debug|Any CPU
		{CABA13D6-D837-4813-B03A-6648C8567808}.Debug|Any CPU.Build.0 = Debug|Any CPU
		{CABA13D6-D837-4813-B03A-6648C8567808}.Release|Any CPU.ActiveCfg = Release|Any CPU
		{CABA13D6-D837-4813-B03A-6648C8567808}.Release|Any CPU.Build.0 = Release|Any CPU
		{9614F6FC-B997-4A25-A5D6-311CA7483D43}.Debug|Any CPU.ActiveCfg = Debug|Any CPU
		{9614F6FC-B997-4A25-A5D6-311CA7483D43}.Debug|Any CPU.Build.0 = Debug|Any CPU
		{9614F6FC-B997-4A25-A5D6-311CA7483D43}.Release|Any CPU.ActiveCfg = Release|Any CPU
		{9614F6FC-B997-4A25-A5D6-311CA7483D43}.Release|Any CPU.Build.0 = Release|Any CPU
		{A7612EA9-65FC-4DE5-ADE0-E26D6A4130D8}.Debug|Any CPU.ActiveCfg = Debug|Any CPU
		{A7612EA9-65FC-4DE5-ADE0-E26D6A4130D8}.Debug|Any CPU.Build.0 = Debug|Any CPU
		{A7612EA9-65FC-4DE5-ADE0-E26D6A4130D8}.Release|Any CPU.ActiveCfg = Release|Any CPU
		{A7612EA9-65FC-4DE5-ADE0-E26D6A4130D8}.Release|Any CPU.Build.0 = Release|Any CPU
	EndGlobalSection
	GlobalSection(SolutionProperties) = preSolution
		HideSolutionNode = FALSE
	EndGlobalSection
	GlobalSection(ExtensibilityGlobals) = postSolution
		SolutionGuid = {9DF1C261-1496-44BE-8FE3-38F7AC125036}
	EndGlobalSection
EndGlobal
